NeoBundleLock emmet-vim 333fede99b1bf286820d1808de6ff1c06b56f365
NeoBundleLock neobundle.vim c37a56100afde3ea5b06031735bb5c8e9fc7db3e
NeoBundleLock neosnippet-snippets 7bc1674170670a4c43f7f4fc65e0e396759512ea
NeoBundleLock neosnippet.vim 9dcb239f113ec6b4d94592a6dd15e5c53b6e7b1a
NeoBundleLock vim-godef 48952546203ecae8c17d50d0aa2e6dcabcc85f0b
